
Microsoft Visual Studio Solution File, Format Version 12.00
# Visual Studio Version 16
VisualStudioVersion = 16.0.29926.136
MinimumVisualStudioVersion = 10.0.40219.1
Project("{9A19103F-16F7-4668-BE54-9A1E7A4F7556}") = "WebApi.Receiver", "WebApi.Receiver\WebApi.Receiver.csproj", "{88EB6FC2-42C4-4CAD-A1E4-AD98A9A7D733}"
EndProject
Project("{9A19103F-16F7-4668-BE54-9A1E7A4F7556}") = "WebApi.Sender", "WebApi.Sender\WebApi.Sender.csproj", "{6FCE0507-248A-4301-B58E-70F120550BAE}"
EndProject
Project("{9A19103F-16F7-4668-BE54-9A1E7A4F7556}") = "Messages", "Messages\Messages.csproj", "{C15F7DAD-B435-4046-BB39-6B4FE932B37F}"
EndProject
Global
	GlobalSection(SolutionConfigurationPlatforms) = preSolution
		Debug|Any CPU = Debug|Any CPU
		Release|Any CPU = Release|Any CPU
	EndGlobalSection
	GlobalSection(ProjectConfigurationPlatforms) = postSolution
		{88EB6FC2-42C4-4CAD-A1E4-AD98A9A7D733}.Debug|Any CPU.ActiveCfg = Debug|Any CPU
		{88EB6FC2-42C4-4CAD-A1E4-AD98A9A7D733}.Debug|Any CPU.Build.0 = Debug|Any CPU
		{88EB6FC2-42C4-4CAD-A1E4-AD98A9A7D733}.Release|Any CPU.ActiveCfg = Release|Any CPU
		{88EB6FC2-42C4-4CAD-A1E4-AD98A9A7D733}.Release|Any CPU.Build.0 = Release|Any CPU
		{6FCE0507-248A-4301-B58E-70F120550BAE}.Debug|Any CPU.ActiveCfg = Debug|Any CPU
		{6FCE0507-248A-4301-B58E-70F120550BAE}.Debug|Any CPU.Build.0 = Debug|Any CPU
		{6FCE0507-248A-4301-B58E-70F120550BAE}.Release|Any CPU.ActiveCfg = Release|Any CPU
		{6FCE0507-248A-4301-B58E-70F120550BAE}.Release|Any CPU.Build.0 = Release|Any CPU
		{C15F7DAD-B435-4046-BB39-6B4FE932B37F}.Debug|Any CPU.ActiveCfg = Debug|Any CPU
		{C15F7DAD-B435-4046-BB39-6B4FE932B37F}.Debug|Any CPU.Build.0 = Debug|Any CPU
		{C15F7DAD-B435-4046-BB39-6B4FE932B37F}.Release|Any CPU.ActiveCfg = Release|Any CPU
		{C15F7DAD-B435-4046-BB39-6B4FE932B37F}.Release|Any CPU.Build.0 = Release|Any CPU
	EndGlobalSection
	GlobalSection(SolutionProperties) = preSolution
		HideSolutionNode = FALSE
	EndGlobalSection
	GlobalSection(ExtensibilityGlobals) = postSolution
		SolutionGuid = {8B2D4534-BAC6-444E-A3EB-8C2209F06E41}
	EndGlobalSection
EndGlobal
